
Microsoft Visual Studio Solution File, Format Version 12.00
# Visual Studio Version 17
VisualStudioVersion = 17.5.33103.201
MinimumVisualStudioVersion = 10.0.40219.1
Project("{8BC9CEB8-8B4A-11D0-8D11-00A0C91BC942}") = "ConvertTheTemperatureCpp", "ConvertTheTemperatureCpp.vcxproj", "{56D7D7F4-1D88-4AC4-A9B9-BA453371B66B}"
EndProject
Global
	GlobalSection(SolutionConfigurationPlatforms) = preSolution
		Debug|x64 = Debug|x64
		Debug|x86 = Debug|x86
		Release|x64 = Release|x64
		Release|x86 = Release|x86
	EndGlobalSection
	GlobalSection(ProjectConfigurationPlatforms) = postSolution
		{56D7D7F4-1D88-4AC4-A9B9-BA453371B66B}.Debug|x64.ActiveCfg = Debug|x64
		{56D7D7F4-1D88-4AC4-A9B9-BA453371B66B}.Debug|x64.Build.0 = Debug|x64
		{56D7D7F4-1D88-4AC4-A9B9-BA453371B66B}.Debug|x86.ActiveCfg = Debug|Win32
		{56D7D7F4-1D88-4AC4-A9B9-BA453371B66B}.Debug|x86.Build.0 = Debug|Win32
		{56D7D7F4-1D88-4AC4-A9B9-BA453371B66B}.Release|x64.ActiveCfg = Release|x64
		{56D7D7F4-1D88-4AC4-A9B9-BA453371B66B}.Release|x64.Build.0 = Release|x64
		{56D7D7F4-1D88-4AC4-A9B9-BA453371B66B}.Release|x86.ActiveCfg = Release|Win32
		{56D7D7F4-1D88-4AC4-A9B9-BA453371B66B}.Release|x86.Build.0 = Release|Win32
	EndGlobalSection
	GlobalSection(SolutionProperties) = preSolution
		HideSolutionNode = FALSE
	EndGlobalSection
	GlobalSection(ExtensibilityGlobals) = postSolution
		SolutionGuid = {A09795CE-B24D-4573-B70D-ECCCAAC91213}
	EndGlobalSection
EndGlobal
